
Microsoft Visual Studio Solution File, Format Version 12.00
# Visual Studio 15
VisualStudioVersion = 15.0.28010.2003
MinimumVisualStudioVersion = 10.0.40219.1
Project("{FAE04EC0-301F-11D3-BF4B-00C04F79EFBC}") = "YoutubeWPF", "YoutubeWPF\YoutubeWPF.csproj", "{B881EB40-EFBD-47DD-B6F0-8CF9E3853FA6}"
EndProject
Global
	GlobalSection(SolutionConfigurationPlatforms) = preSolution
		Debug|Any CPU = Debug|Any CPU
		Release|Any CPU = Release|Any CPU
	EndGlobalSection
	GlobalSection(ProjectConfigurationPlatforms) = postSolution
		{B881EB40-EFBD-47DD-B6F0-8CF9E3853FA6}.Debug|Any CPU.ActiveCfg = Debug|Any CPU
		{B881EB40-EFBD-47DD-B6F0-8CF9E3853FA6}.Debug|Any CPU.Build.0 = Debug|Any CPU
		{B881EB40-EFBD-47DD-B6F0-8CF9E3853FA6}.Release|Any CPU.ActiveCfg = Release|Any CPU
		{B881EB40-EFBD-47DD-B6F0-8CF9E3853FA6}.Release|Any CPU.Build.0 = Release|Any CPU
	EndGlobalSection
	GlobalSection(SolutionProperties) = preSolution
		HideSolutionNode = FALSE
	EndGlobalSection
	GlobalSection(ExtensibilityGlobals) = postSolution
		SolutionGuid = {5326B937-A84D-4E14-9BFF-833780103415}
	EndGlobalSection
EndGlobal
